
Microsoft Visual Studio Solution File, Format Version 12.00
# Visual Studio 15
Project("{FAE04EC0-301F-11D3-BF4B-00C04F79EFBC}") = "UnityGameFramework.Runtime", "UnityGameFramework.Runtime.csproj", "{915C5334-4BC3-CDE4-AFD9-88A020EEE73A}"
EndProject
Project("{FAE04EC0-301F-11D3-BF4B-00C04F79EFBC}") = "Assembly-CSharp", "Assembly-CSharp.csproj", "{3CC24588-F227-C32C-DC4C-8A8087F3C986}"
EndProject
Project("{FAE04EC0-301F-11D3-BF4B-00C04F79EFBC}") = "Sirenix.OdinInspector.CompatibilityLayer", "Sirenix.OdinInspector.CompatibilityLayer.csproj", "{35331680-E8A0-11A1-9309-EE18B9C5987F}"
EndProject
Project("{FAE04EC0-301F-11D3-BF4B-00C04F79EFBC}") = "jp.setchi.ugui-hypertext", "jp.setchi.ugui-hypertext.csproj", "{82632430-7888-8C70-0A52-E7877A03560C}"
EndProject
Project("{FAE04EC0-301F-11D3-BF4B-00C04F79EFBC}") = "UnityGameFramework.Editor", "UnityGameFramework.Editor.csproj", "{292D88AC-F069-97D5-348D-D8EDFC7D2E82}"
EndProject
Project("{FAE04EC0-301F-11D3-BF4B-00C04F79EFBC}") = "Assembly-CSharp-Editor", "Assembly-CSharp-Editor.csproj", "{3A17027E-DC70-2246-D3F2-6F184AEBDCFA}"
EndProject
Project("{FAE04EC0-301F-11D3-BF4B-00C04F79EFBC}") = "Sirenix.OdinInspector.CompatibilityLayer.Editor", "Sirenix.OdinInspector.CompatibilityLayer.Editor.csproj", "{E4B98FFA-0EF2-C6F6-A0A3-136867505F5C}"
EndProject
Global
	GlobalSection(SolutionConfigurationPlatforms) = preSolution
		Debug|Any CPU = Debug|Any CPU
		Release|Any CPU = Release|Any CPU
	EndGlobalSection
	GlobalSection(ProjectConfigurationPlatforms) = postSolution
		{915C5334-4BC3-CDE4-AFD9-88A020EEE73A}.Debug|Any CPU.ActiveCfg = Debug|Any CPU
		{915C5334-4BC3-CDE4-AFD9-88A020EEE73A}.Debug|Any CPU.Build.0 = Debug|Any CPU
		{915C5334-4BC3-CDE4-AFD9-88A020EEE73A}.Release|Any CPU.ActiveCfg = Release|Any CPU
		{915C5334-4BC3-CDE4-AFD9-88A020EEE73A}.Release|Any CPU.Build.0 = Release|Any CPU
		{3CC24588-F227-C32C-DC4C-8A8087F3C986}.Debug|Any CPU.ActiveCfg = Debug|Any CPU
		{3CC24588-F227-C32C-DC4C-8A8087F3C986}.Debug|Any CPU.Build.0 = Debug|Any CPU
		{3CC24588-F227-C32C-DC4C-8A8087F3C986}.Release|Any CPU.ActiveCfg = Release|Any CPU
		{3CC24588-F227-C32C-DC4C-8A8087F3C986}.Release|Any CPU.Build.0 = Release|Any CPU
		{35331680-E8A0-11A1-9309-EE18B9C5987F}.Debug|Any CPU.ActiveCfg = Debug|Any CPU
		{35331680-E8A0-11A1-9309-EE18B9C5987F}.Debug|Any CPU.Build.0 = Debug|Any CPU
		{35331680-E8A0-11A1-9309-EE18B9C5987F}.Release|Any CPU.ActiveCfg = Release|Any CPU
		{35331680-E8A0-11A1-9309-EE18B9C5987F}.Release|Any CPU.Build.0 = Release|Any CPU
		{82632430-7888-8C70-0A52-E7877A03560C}.Debug|Any CPU.ActiveCfg = Debug|Any CPU
		{82632430-7888-8C70-0A52-E7877A03560C}.Debug|Any CPU.Build.0 = Debug|Any CPU
		{82632430-7888-8C70-0A52-E7877A03560C}.Release|Any CPU.ActiveCfg = Release|Any CPU
		{82632430-7888-8C70-0A52-E7877A03560C}.Release|Any CPU.Build.0 = Release|Any CPU
		{292D88AC-F069-97D5-348D-D8EDFC7D2E82}.Debug|Any CPU.ActiveCfg = Debug|Any CPU
		{292D88AC-F069-97D5-348D-D8EDFC7D2E82}.Debug|Any CPU.Build.0 = Debug|Any CPU
		{292D88AC-F069-97D5-348D-D8EDFC7D2E82}.Release|Any CPU.ActiveCfg = Release|Any CPU
		{292D88AC-F069-97D5-348D-D8EDFC7D2E82}.Release|Any CPU.Build.0 = Release|Any CPU
		{3A17027E-DC70-2246-D3F2-6F184AEBDCFA}.Debug|Any CPU.ActiveCfg = Debug|Any CPU
		{3A17027E-DC70-2246-D3F2-6F184AEBDCFA}.Debug|Any CPU.Build.0 = Debug|Any CPU
		{3A17027E-DC70-2246-D3F2-6F184AEBDCFA}.Release|Any CPU.ActiveCfg = Release|Any CPU
		{3A17027E-DC70-2246-D3F2-6F184AEBDCFA}.Release|Any CPU.Build.0 = Release|Any CPU
		{E4B98FFA-0EF2-C6F6-A0A3-136867505F5C}.Debug|Any CPU.ActiveCfg = Debug|Any CPU
		{E4B98FFA-0EF2-C6F6-A0A3-136867505F5C}.Debug|Any CPU.Build.0 = Debug|Any CPU
		{E4B98FFA-0EF2-C6F6-A0A3-136867505F5C}.Release|Any CPU.ActiveCfg = Release|Any CPU
		{E4B98FFA-0EF2-C6F6-A0A3-136867505F5C}.Release|Any CPU.Build.0 = Release|Any CPU
	EndGlobalSection
	GlobalSection(SolutionProperties) = preSolution
		HideSolutionNode = FALSE
	EndGlobalSection
EndGlobal
